
Microsoft Visual Studio Solution File, Format Version 12.00
# Visual Studio Version 16
VisualStudioVersion = 16.0.30114.105
MinimumVisualStudioVersion = 10.0.40219.1
Project("{FAE04EC0-301F-11D3-BF4B-00C04F79EFBC}") = "app.Api", "app.Api\app.Api.csproj", "{EF809625-F694-4601-9169-CB04102A97BD}"
EndProject
Project("{FAE04EC0-301F-11D3-BF4B-00C04F79EFBC}") = "app.Domain", "app.Domain\app.Domain.csproj", "{4676C043-FBDA-4035-A921-9CA4DA686652}"
EndProject
Project("{FAE04EC0-301F-11D3-BF4B-00C04F79EFBC}") = "app.Infra", "app.Infra\app.Infra.csproj", "{3AA1B3DC-1E9F-40AB-86E1-11F3C49785D2}"
EndProject
Global
	GlobalSection(SolutionConfigurationPlatforms) = preSolution
		Debug|Any CPU = Debug|Any CPU
		Debug|x64 = Debug|x64
		Debug|x86 = Debug|x86
		Release|Any CPU = Release|Any CPU
		Release|x64 = Release|x64
		Release|x86 = Release|x86
	EndGlobalSection
	GlobalSection(SolutionProperties) = preSolution
		HideSolutionNode = FALSE
	EndGlobalSection
	GlobalSection(ProjectConfigurationPlatforms) = postSolution
		{EF809625-F694-4601-9169-CB04102A97BD}.Debug|Any CPU.ActiveCfg = Debug|Any CPU
		{EF809625-F694-4601-9169-CB04102A97BD}.Debug|Any CPU.Build.0 = Debug|Any CPU
		{EF809625-F694-4601-9169-CB04102A97BD}.Debug|x64.ActiveCfg = Debug|Any CPU
		{EF809625-F694-4601-9169-CB04102A97BD}.Debug|x64.Build.0 = Debug|Any CPU
		{EF809625-F694-4601-9169-CB04102A97BD}.Debug|x86.ActiveCfg = Debug|Any CPU
		{EF809625-F694-4601-9169-CB04102A97BD}.Debug|x86.Build.0 = Debug|Any CPU
		{EF809625-F694-4601-9169-CB04102A97BD}.Release|Any CPU.ActiveCfg = Release|Any CPU
		{EF809625-F694-4601-9169-CB04102A97BD}.Release|Any CPU.Build.0 = Release|Any CPU
		{EF809625-F694-4601-9169-CB04102A97BD}.Release|x64.ActiveCfg = Release|Any CPU
		{EF809625-F694-4601-9169-CB04102A97BD}.Release|x64.Build.0 = Release|Any CPU
		{EF809625-F694-4601-9169-CB04102A97BD}.Release|x86.ActiveCfg = Release|Any CPU
		{EF809625-F694-4601-9169-CB04102A97BD}.Release|x86.Build.0 = Release|Any CPU
		{4676C043-FBDA-4035-A921-9CA4DA686652}.Debug|Any CPU.ActiveCfg = Debug|Any CPU
		{4676C043-FBDA-4035-A921-9CA4DA686652}.Debug|Any CPU.Build.0 = Debug|Any CPU
		{4676C043-FBDA-4035-A921-9CA4DA686652}.Debug|x64.ActiveCfg = Debug|Any CPU
		{4676C043-FBDA-4035-A921-9CA4DA686652}.Debug|x64.Build.0 = Debug|Any CPU
		{4676C043-FBDA-4035-A921-9CA4DA686652}.Debug|x86.ActiveCfg = Debug|Any CPU
		{4676C043-FBDA-4035-A921-9CA4DA686652}.Debug|x86.Build.0 = Debug|Any CPU
		{4676C043-FBDA-4035-A921-9CA4DA686652}.Release|Any CPU.ActiveCfg = Release|Any CPU
		{4676C043-FBDA-4035-A921-9CA4DA686652}.Release|Any CPU.Build.0 = Release|Any CPU
		{4676C043-FBDA-4035-A921-9CA4DA686652}.Release|x64.ActiveCfg = Release|Any CPU
		{4676C043-FBDA-4035-A921-9CA4DA686652}.Release|x64.Build.0 = Release|Any CPU
		{4676C043-FBDA-4035-A921-9CA4DA686652}.Release|x86.ActiveCfg = Release|Any CPU
		{4676C043-FBDA-4035-A921-9CA4DA686652}.Release|x86.Build.0 = Release|Any CPU
		{3AA1B3DC-1E9F-40AB-86E1-11F3C49785D2}.Debug|Any CPU.ActiveCfg = Debug|Any CPU
		{3AA1B3DC-1E9F-40AB-86E1-11F3C49785D2}.Debug|Any CPU.Build.0 = Debug|Any CPU
		{3AA1B3DC-1E9F-40AB-86E1-11F3C49785D2}.Debug|x64.ActiveCfg = Debug|Any CPU
		{3AA1B3DC-1E9F-40AB-86E1-11F3C49785D2}.Debug|x64.Build.0 = Debug|Any CPU
		{3AA1B3DC-1E9F-40AB-86E1-11F3C49785D2}.Debug|x86.ActiveCfg = Debug|Any CPU
		{3AA1B3DC-1E9F-40AB-86E1-11F3C49785D2}.Debug|x86.Build.0 = Debug|Any CPU
		{3AA1B3DC-1E9F-40AB-86E1-11F3C49785D2}.Release|Any CPU.ActiveCfg = Release|Any CPU
		{3AA1B3DC-1E9F-40AB-86E1-11F3C49785D2}.Release|Any CPU.Build.0 = Release|Any CPU
		{3AA1B3DC-1E9F-40AB-86E1-11F3C49785D2}.Release|x64.ActiveCfg = Release|Any CPU
		{3AA1B3DC-1E9F-40AB-86E1-11F3C49785D2}.Release|x64.Build.0 = Release|Any CPU
		{3AA1B3DC-1E9F-40AB-86E1-11F3C49785D2}.Release|x86.ActiveCfg = Release|Any CPU
		{3AA1B3DC-1E9F-40AB-86E1-11F3C49785D2}.Release|x86.Build.0 = Release|Any CPU
		{92F0F006-4512-40A0-B1D2-CE4D9DB52511}.Debug|Any CPU.ActiveCfg = Debug|Any CPU
		{92F0F006-4512-40A0-B1D2-CE4D9DB52511}.Debug|Any CPU.Build.0 = Debug|Any CPU
		{92F0F006-4512-40A0-B1D2-CE4D9DB52511}.Debug|x64.ActiveCfg = Debug|Any CPU
		{92F0F006-4512-40A0-B1D2-CE4D9DB52511}.Debug|x64.Build.0 = Debug|Any CPU
		{92F0F006-4512-40A0-B1D2-CE4D9DB52511}.Debug|x86.ActiveCfg = Debug|Any CPU
		{92F0F006-4512-40A0-B1D2-CE4D9DB52511}.Debug|x86.Build.0 = Debug|Any CPU
		{92F0F006-4512-40A0-B1D2-CE4D9DB52511}.Release|Any CPU.ActiveCfg = Release|Any CPU
		{92F0F006-4512-40A0-B1D2-CE4D9DB52511}.Release|Any CPU.Build.0 = Release|Any CPU
		{92F0F006-4512-40A0-B1D2-CE4D9DB52511}.Release|x64.ActiveCfg = Release|Any CPU
		{92F0F006-4512-40A0-B1D2-CE4D9DB52511}.Release|x64.Build.0 = Release|Any CPU
		{92F0F006-4512-40A0-B1D2-CE4D9DB52511}.Release|x86.ActiveCfg = Release|Any CPU
		{92F0F006-4512-40A0-B1D2-CE4D9DB52511}.Release|x86.Build.0 = Release|Any CPU
	EndGlobalSection
EndGlobal
